// !$*UTF8*$!
{
	archiveVersion = 1;
	classes = {
	};
	objectVersion = 56;
	objects = {

/* Begin PBXBuildFile section */
		A460E8492B09703D00418B37 /* Responses.swift in Sources */ = {isa = PBXBuildFile; fileRef = A460E8482B09703D00418B37 /* Responses.swift */; };
		A4B545042AF417AE007476DF /* mock_appApp.swift in Sources */ = {isa = PBXBuildFile; fileRef = A4B545032AF417AE007476DF /* mock_appApp.swift */; };
		A4B545062AF417AE007476DF /* ContentView.swift in Sources */ = {isa = PBXBuildFile; fileRef = A4B545052AF417AE007476DF /* ContentView.swift */; };
		A4B545082AF417B1007476DF /* Assets.xcassets in Resources */ = {isa = PBXBuildFile; fileRef = A4B545072AF417B1007476DF /* Assets.xcassets */; };
		A4B5450B2AF417B1007476DF /* Preview Assets.xcassets in Resources */ = {isa = PBXBuildFile; fileRef = A4B5450A2AF417B1007476DF /* Preview Assets.xcassets */; };
		A4B545122AF41ED5007476DF /* LoginView.swift in Sources */ = {isa = PBXBuildFile; fileRef = A4B545112AF41ED5007476DF /* LoginView.swift */; };
		A4B545142AF41EE1007476DF /* LobbyView.swift in Sources */ = {isa = PBXBuildFile; fileRef = A4B545132AF41EE1007476DF /* LobbyView.swift */; };
		A4B545182AF41F0D007476DF /* WebsocketModel.swift in Sources */ = {isa = PBXBuildFile; fileRef = A4B545172AF41F0D007476DF /* WebsocketModel.swift */; };
		A4B5451E2AF43337007476DF /* Actions.swift in Sources */ = {isa = PBXBuildFile; fileRef = A4B5451D2AF43337007476DF /* Actions.swift */; };
/* End PBXBuildFile section */

/* Begin PBXFileReference section */
		A460E8482B09703D00418B37 /* Responses.swift */ = {isa = PBXFileReference; lastKnownFileType = sourcecode.swift; path = Responses.swift; sourceTree = "<group>"; };
		A4B545002AF417AE007476DF /* mock-app.app */ = {isa = PBXFileReference; explicitFileType = wrapper.application; includeInIndex = 0; path = "mock-app.app"; sourceTree = BUILT_PRODUCTS_DIR; };
		A4B545032AF417AE007476DF /* mock_appApp.swift */ = {isa = PBXFileReference; lastKnownFileType = sourcecode.swift; path = mock_appApp.swift; sourceTree = "<group>"; };
		A4B545052AF417AE007476DF /* ContentView.swift */ = {isa = PBXFileReference; lastKnownFileType = sourcecode.swift; path = ContentView.swift; sourceTree = "<group>"; };
		A4B545072AF417B1007476DF /* Assets.xcassets */ = {isa = PBXFileReference; lastKnownFileType = folder.assetcatalog; path = Assets.xcassets; sourceTree = "<group>"; };
		A4B5450A2AF417B1007476DF /* Preview Assets.xcassets */ = {isa = PBXFileReference; lastKnownFileType = folder.assetcatalog; path = "Preview Assets.xcassets"; sourceTree = "<group>"; };
		A4B545112AF41ED5007476DF /* LoginView.swift */ = {isa = PBXFileReference; lastKnownFileType = sourcecode.swift; path = LoginView.swift; sourceTree = "<group>"; };
		A4B545132AF41EE1007476DF /* LobbyView.swift */ = {isa = PBXFileReference; lastKnownFileType = sourcecode.swift; path = LobbyView.swift; sourceTree = "<group>"; };
		A4B545172AF41F0D007476DF /* WebsocketModel.swift */ = {isa = PBXFileReference; lastKnownFileType = sourcecode.swift; path = WebsocketModel.swift; sourceTree = "<group>"; };
		A4B5451D2AF43337007476DF /* Actions.swift */ = {isa = PBXFileReference; lastKnownFileType = sourcecode.swift; path = Actions.swift; sourceTree = "<group>"; };
/* End PBXFileReference section */

/* Begin PBXFrameworksBuildPhase section */
		A4B544FD2AF417AE007476DF /* Frameworks */ = {
			isa = PBXFrameworksBuildPhase;
			buildActionMask = 2147483647;
			files = (
			);
			runOnlyForDeploymentPostprocessing = 0;
		};
/* End PBXFrameworksBuildPhase section */

/* Begin PBXGroup section */
		A4B544F72AF417AE007476DF = {
			isa = PBXGroup;
			children = (
				A4B545022AF417AE007476DF /* mock-app */,
				A4B545012AF417AE007476DF /* Products */,
			);
			sourceTree = "<group>";
		};
		A4B545012AF417AE007476DF /* Products */ = {
			isa = PBXGroup;
			children = (
				A4B545002AF417AE007476DF /* mock-app.app */,
			);
			name = Products;
			sourceTree = "<group>";
		};
		A4B545022AF417AE007476DF /* mock-app */ = {
			isa = PBXGroup;
			children = (
				A4B5451C2AF432DF007476DF /* Models */,
				A4B5451B2AF432D4007476DF /* Types */,
				A4B545032AF417AE007476DF /* mock_appApp.swift */,
				A4B545052AF417AE007476DF /* ContentView.swift */,
				A4B545072AF417B1007476DF /* Assets.xcassets */,
				A4B545092AF417B1007476DF /* Preview Content */,
				A4B545112AF41ED5007476DF /* LoginView.swift */,
				A4B545132AF41EE1007476DF /* LobbyView.swift */,
			);
			path = "mock-app";
			sourceTree = "<group>";
		};
		A4B545092AF417B1007476DF /* Preview Content */ = {
			isa = PBXGroup;
			children = (
				A4B5450A2AF417B1007476DF /* Preview Assets.xcassets */,
			);
			path = "Preview Content";
			sourceTree = "<group>";
		};
		A4B5451B2AF432D4007476DF /* Types */ = {
			isa = PBXGroup;
			children = (
				A4B5451D2AF43337007476DF /* Actions.swift */,
				A460E8482B09703D00418B37 /* Responses.swift */,
			);
			path = Types;
			sourceTree = "<group>";
		};
		A4B5451C2AF432DF007476DF /* Models */ = {
			isa = PBXGroup;
			children = (
				A4B545172AF41F0D007476DF /* WebsocketModel.swift */,
			);
			path = Models;
			sourceTree = "<group>";
		};
/* End PBXGroup section */

/* Begin PBXNativeTarget section */
		A4B544FF2AF417AE007476DF /* mock-app */ = {
			isa = PBXNativeTarget;
			buildConfigurationList = A4B5450E2AF417B1007476DF /* Build configuration list for PBXNativeTarget "mock-app" */;
			buildPhases = (
				A4B544FC2AF417AE007476DF /* Sources */,
				A4B544FD2AF417AE007476DF /* Frameworks */,
				A4B544FE2AF417AE007476DF /* Resources */,
			);
			buildRules = (
			);
			dependencies = (
			);
			name = "mock-app";
			productName = "mock-app";
			productReference = A4B545002AF417AE007476DF /* mock-app.app */;
			productType = "com.apple.product-type.application";
		};
/* End PBXNativeTarget section */

/* Begin PBXProject section */
		A4B544F82AF417AE007476DF /* Project object */ = {
			isa = PBXProject;
			attributes = {
				BuildIndependentTargetsInParallel = 1;
				LastSwiftUpdateCheck = 1420;
				LastUpgradeCheck = 1420;
				TargetAttributes = {
					A4B544FF2AF417AE007476DF = {
						CreatedOnToolsVersion = 14.2;
					};
				};
			};
			buildConfigurationList = A4B544FB2AF417AE007476DF /* Build configuration list for PBXProject "mock-app" */;
			compatibilityVersion = "Xcode 14.0";
			developmentRegion = en;
			hasScannedForEncodings = 0;
			knownRegions = (
				en,
				Base,
			);
			mainGroup = A4B544F72AF417AE007476DF;
			productRefGroup = A4B545012AF417AE007476DF /* Products */;
			projectDirPath = "";
			projectRoot = "";
			targets = (
				A4B544FF2AF417AE007476DF /* mock-app */,
			);
		};
/* End PBXProject section */

/* Begin PBXResourcesBuildPhase section */
		A4B544FE2AF417AE007476DF /* Resources */ = {
			isa = PBXResourcesBuildPhase;
			buildActionMask = 2147483647;
			files = (
				A4B5450B2AF417B1007476DF /* Preview Assets.xcassets in Resources */,
				A4B545082AF417B1007476DF /* Assets.xcassets in Resources */,
			);
			runOnlyForDeploymentPostprocessing = 0;
		};
/* End PBXResourcesBuildPhase section */

/* Begin PBXSourcesBuildPhase section */
		A4B544FC2AF417AE007476DF /* Sources */ = {
			isa = PBXSourcesBuildPhase;
			buildActionMask = 2147483647;
			files = (
				A4B545122AF41ED5007476DF /* LoginView.swift in Sources */,
				A4B545142AF41EE1007476DF /* LobbyView.swift in Sources */,
				A4B545182AF41F0D007476DF /* WebsocketModel.swift in Sources */,
				A4B5451E2AF43337007476DF /* Actions.swift in Sources */,
				A4B545062AF417AE007476DF /* ContentView.swift in Sources */,
				A460E8492B09703D00418B37 /* Responses.swift in Sources */,
				A4B545042AF417AE007476DF /* mock_appApp.swift in Sources */,
			);
			runOnlyForDeploymentPostprocessing = 0;
		};
/* End PBXSourcesBuildPhase section */

/* Begin XCBuildConfiguration section */
		A4B5450C2AF417B1007476DF /* Debug */ = {
			isa = XCBuildConfiguration;
			buildSettings = {
				ALWAYS_SEARCH_USER_PATHS = NO;
				CLANG_ANALYZER_NONNULL = YES;
				CLANG_ANALYZER_NUMBER_OBJECT_CONVERSION = YES_AGGRESSIVE;
				CLANG_CXX_LANGUAGE_STANDARD = "gnu++20";
				CLANG_ENABLE_MODULES = YES;
				CLANG_ENABLE_OBJC_ARC = YES;
				CLANG_ENABLE_OBJC_WEAK = YES;
				CLANG_WARN_BLOCK_CAPTURE_AUTORELEASING = YES;
				CLANG_WARN_BOOL_CONVERSION = YES;
				CLANG_WARN_COMMA = YES;
				CLANG_WARN_CONSTANT_CONVERSION = YES;
				CLANG_WARN_DEPRECATED_OBJC_IMPLEMENTATIONS = YES;
				CLANG_WARN_DIRECT_OBJC_ISA_USAGE = YES_ERROR;
				CLANG_WARN_DOCUMENTATION_COMMENTS = YES;
				CLANG_WARN_EMPTY_BODY = YES;
				CLANG_WARN_ENUM_CONVERSION = YES;
				CLANG_WARN_INFINITE_RECURSION = YES;
				CLANG_WARN_INT_CONVERSION = YES;
				CLANG_WARN_NON_LITERAL_NULL_CONVERSION = YES;
				CLANG_WARN_OBJC_IMPLICIT_RETAIN_SELF = YES;
				CLANG_WARN_OBJC_LITERAL_CONVERSION = YES;
				CLANG_WARN_OBJC_ROOT_CLASS = YES_ERROR;
				CLANG_WARN_QUOTED_INCLUDE_IN_FRAMEWORK_HEADER = YES;
				CLANG_WARN_RANGE_LOOP_ANALYSIS = YES;
				CLANG_WARN_STRICT_PROTOTYPES = YES;
				CLANG_WARN_SUSPICIOUS_MOVE = YES;
				CLANG_WARN_UNGUARDED_AVAILABILITY = YES_AGGRESSIVE;
				CLANG_WARN_UNREACHABLE_CODE = YES;
				CLANG_WARN__DUPLICATE_METHOD_MATCH = YES;
				COPY_PHASE_STRIP = NO;
				DEBUG_INFORMATION_FORMAT = dwarf;
				ENABLE_STRICT_OBJC_MSGSEND = YES;
				ENABLE_TESTABILITY = YES;
				GCC_C_LANGUAGE_STANDARD = gnu11;
				GCC_DYNAMIC_NO_PIC = NO;
				GCC_NO_COMMON_BLOCKS = YES;
				GCC_OPTIMIZATION_LEVEL = 0;
				GCC_PREPROCESSOR_DEFINITIONS = (
					"DEBUG=1",
					"$(inherited)",
				);
				GCC_WARN_64_TO_32_BIT_CONVERSION = YES;
				GCC_WARN_ABOUT_RETURN_TYPE = YES_ERROR;
				GCC_WARN_UNDECLARED_SELECTOR = YES;
				GCC_WARN_UNINITIALIZED_AUTOS = YES_AGGRESSIVE;
				GCC_WARN_UNUSED_FUNCTION = YES;
				GCC_WARN_UNUSED_VARIABLE = YES;
				IPHONEOS_DEPLOYMENT_TARGET = 16.2;
				MTL_ENABLE_DEBUG_INFO = INCLUDE_SOURCE;
				MTL_FAST_MATH = YES;
				ONLY_ACTIVE_ARCH = YES;
				SDKROOT = iphoneos;
				SWIFT_ACTIVE_COMPILATION_CONDITIONS = DEBUG;
				SWIFT_OPTIMIZATION_LEVEL = "-Onone";
			};
			name = Debug;
		};
		A4B5450D2AF417B1007476DF /* Release */ = {
			isa = XCBuildConfiguration;
			buildSettings = {
				ALWAYS_SEARCH_USER_PATHS = NO;
				CLANG_ANALYZER_NONNULL = YES;
				CLANG_ANALYZER_NUMBER_OBJECT_CONVERSION = YES_AGGRESSIVE;
				CLANG_CXX_LANGUAGE_STANDARD = "gnu++20";
				CLANG_ENABLE_MODULES = YES;
				CLANG_ENABLE_OBJC_ARC = YES;
				CLANG_ENABLE_OBJC_WEAK = YES;
				CLANG_WARN_BLOCK_CAPTURE_AUTORELEASING = YES;
				CLANG_WARN_BOOL_CONVERSION = YES;
				CLANG_WARN_COMMA = YES;
				CLANG_WARN_CONSTANT_CONVERSION = YES;
				CLANG_WARN_DEPRECATED_OBJC_IMPLEMENTATIONS = YES;
				CLANG_WARN_DIRECT_OBJC_ISA_USAGE = YES_ERROR;
				CLANG_WARN_DOCUMENTATION_COMMENTS = YES;
				CLANG_WARN_EMPTY_BODY = YES;
				CLANG_WARN_ENUM_CONVERSION = YES;
				CLANG_WARN_INFINITE_RECURSION = YES;
				CLANG_WARN_INT_CONVERSION = YES;
				CLANG_WARN_NON_LITERAL_NULL_CONVERSION = YES;
				CLANG_WARN_OBJC_IMPLICIT_RETAIN_SELF = YES;
				CLANG_WARN_OBJC_LITERAL_CONVERSION = YES;
				CLANG_WARN_OBJC_ROOT_CLASS = YES_ERROR;
				CLANG_WARN_QUOTED_INCLUDE_IN_FRAMEWORK_HEADER = YES;
				CLANG_WARN_RANGE_LOOP_ANALYSIS = YES;
				CLANG_WARN_STRICT_PROTOTYPES = YES;
				CLANG_WARN_SUSPICIOUS_MOVE = YES;
				CLANG_WARN_UNGUARDED_AVAILABILITY = YES_AGGRESSIVE;
				CLANG_WARN_UNREACHABLE_CODE = YES;
				CLANG_WARN__DUPLICATE_METHOD_MATCH = YES;
				COPY_PHASE_STRIP = NO;
				DEBUG_INFORMATION_FORMAT = "dwarf-with-dsym";
				ENABLE_NS_ASSERTIONS = NO;
				ENABLE_STRICT_OBJC_MSGSEND = YES;
				GCC_C_LANGUAGE_STANDARD = gnu11;
				GCC_NO_COMMON_BLOCKS = YES;
				GCC_WARN_64_TO_32_BIT_CONVERSION = YES;
				GCC_WARN_ABOUT_RETURN_TYPE = YES_ERROR;
				GCC_WARN_UNDECLARED_SELECTOR = YES;
				GCC_WARN_UNINITIALIZED_AUTOS = YES_AGGRESSIVE;
				GCC_WARN_UNUSED_FUNCTION = YES;
				GCC_WARN_UNUSED_VARIABLE = YES;
				IPHONEOS_DEPLOYMENT_TARGET = 16.2;
				MTL_ENABLE_DEBUG_INFO = NO;
				MTL_FAST_MATH = YES;
				SDKROOT = iphoneos;
				SWIFT_COMPILATION_MODE = wholemodule;
				SWIFT_OPTIMIZATION_LEVEL = "-O";
				VALIDATE_PRODUCT = YES;
			};
			name = Release;
		};
		A4B5450F2AF417B1007476DF /* Debug */ = {
			isa = XCBuildConfiguration;
			buildSettings = {
				ASSETCATALOG_COMPILER_APPICON_NAME = AppIcon;
				ASSETCATALOG_COMPILER_GLOBAL_ACCENT_COLOR_NAME = AccentColor;
				CODE_SIGN_STYLE = Automatic;
				CURRENT_PROJECT_VERSION = 1;
				DEVELOPMENT_ASSET_PATHS = "\"mock-app/Preview Content\"";
				ENABLE_PREVIEWS = YES;
				GENERATE_INFOPLIST_FILE = YES;
				INFOPLIST_KEY_UIApplicationSceneManifest_Generation = YES;
				INFOPLIST_KEY_UIApplicationSupportsIndirectInputEvents = YES;
				INFOPLIST_KEY_UILaunchScreen_Generation = YES;
				INFOPLIST_KEY_UISupportedInterfaceOrientations_iPad = "UIInterfaceOrientationPortrait UIInterfaceOrientationPortraitUpsideDown UIInterfaceOrientationLandscapeLeft UIInterfaceOrientationLandscapeRight";
				INFOPLIST_KEY_UISupportedInterfaceOrientations_iPhone = "UIInterfaceOrientationPortrait UIInterfaceOrientationLandscapeLeft UIInterfaceOrientationLandscapeRight";
				LD_RUNPATH_SEARCH_PATHS = (
					"$(inherited)",
					"@executable_path/Frameworks",
				);
				MARKETING_VERSION = 1.0;
				PRODUCT_BUNDLE_IDENTIFIER = "leagueplay.mock-app";
				PRODUCT_NAME = "$(TARGET_NAME)";
				SWIFT_EMIT_LOC_STRINGS = YES;
				SWIFT_VERSION = 5.0;
				TARGETED_DEVICE_FAMILY = "1,2";
			};
			name = Debug;
		};
		A4B545102AF417B1007476DF /* Release */ = {
			isa = XCBuildConfiguration;
			buildSettings = {
				ASSETCATALOG_COMPILER_APPICON_NAME = AppIcon;
				ASSETCATALOG_COMPILER_GLOBAL_ACCENT_COLOR_NAME = AccentColor;
				CODE_SIGN_STYLE = Automatic;
				CURRENT_PROJECT_VERSION = 1;
				DEVELOPMENT_ASSET_PATHS = "\"mock-app/Preview Content\"";
				ENABLE_PREVIEWS = YES;
				GENERATE_INFOPLIST_FILE = YES;
				INFOPLIST_KEY_UIApplicationSceneManifest_Generation = YES;
				INFOPLIST_KEY_UIApplicationSupportsIndirectInputEvents = YES;
				INFOPLIST_KEY_UILaunchScreen_Generation = YES;
				INFOPLIST_KEY_UISupportedInterfaceOrientations_iPad = "UIInterfaceOrientationPortrait UIInterfaceOrientationPortraitUpsideDown UIInterfaceOrientationLandscapeLeft UIInterfaceOrientationLandscapeRight";
				INFOPLIST_KEY_UISupportedInterfaceOrientations_iPhone = "UIInterfaceOrientationPortrait UIInterfaceOrientationLandscapeLeft UIInterfaceOrientationLandscapeRight";
				LD_RUNPATH_SEARCH_PATHS = (
					"$(inherited)",
					"@executable_path/Frameworks",
				);
				MARKETING_VERSION = 1.0;
				PRODUCT_BUNDLE_IDENTIFIER = "leagueplay.mock-app";
				PRODUCT_NAME = "$(TARGET_NAME)";
				SWIFT_EMIT_LOC_STRINGS = YES;
				SWIFT_VERSION = 5.0;
				TARGETED_DEVICE_FAMILY = "1,2";
			};
			name = Release;
		};
/* End XCBuildConfiguration section */

/* Begin XCConfigurationList section */
		A4B544FB2AF417AE007476DF /* Build configuration list for PBXProject "mock-app" */ = {
			isa = XCConfigurationList;
			buildConfigurations = (
				A4B5450C2AF417B1007476DF /* Debug */,
				A4B5450D2AF417B1007476DF /* Release */,
			);
			defaultConfigurationIsVisible = 0;
			defaultConfigurationName = Release;
		};
		A4B5450E2AF417B1007476DF /* Build configuration list for PBXNativeTarget "mock-app" */ = {
			isa = XCConfigurationList;
			buildConfigurations = (
				A4B5450F2AF417B1007476DF /* Debug */,
				A4B545102AF417B1007476DF /* Release */,
			);
			defaultConfigurationIsVisible = 0;
			defaultConfigurationName = Release;
		};
/* End XCConfigurationList section */
	};
	rootObject = A4B544F82AF417AE007476DF /* Project object */;
}
